// !$*UTF8*$!
{
	archiveVersion = 1;
	classes = {
	};
	objectVersion = 46;
	objects = {

/* Begin PBXBuildFile section */
		E33117421B7B948400C3C721 /* main.m in Sources */ = {isa = PBXBuildFile; fileRef = E33117411B7B948400C3C721 /* main.m */; };
		E33117451B7B948400C3C721 /* AppDelegate.m in Sources */ = {isa = PBXBuildFile; fileRef = E33117441B7B948400C3C721 /* AppDelegate.m */; };
		E33117481B7B948400C3C721 /* ViewController.m in Sources */ = {isa = PBXBuildFile; fileRef = E33117471B7B948400C3C721 /* ViewController.m */; };
		E331174B1B7B948400C3C721 /* Main.storyboard in Resources */ = {isa = PBXBuildFile; fileRef = E33117491B7B948400C3C721 /* Main.storyboard */; };
		E331174D1B7B948400C3C721 /* Images.xcassets in Resources */ = {isa = PBXBuildFile; fileRef = E331174C1B7B948400C3C721 /* Images.xcassets */; };
		E33117501B7B948400C3C721 /* LaunchScreen.xib in Resources */ = {isa = PBXBuildFile; fileRef = E331174E1B7B948400C3C721 /* LaunchScreen.xib */; };
		E331175C1B7B948400C3C721 /* CustomXibTests.m in Sources */ = {isa = PBXBuildFile; fileRef = E331175B1B7B948400C3C721 /* CustomXibTests.m */; };
/* End PBXBuildFile section */

/* Begin PBXContainerItemProxy section */
		E33117561B7B948400C3C721 /* PBXContainerItemProxy */ = {
			isa = PBXContainerItemProxy;
			containerPortal = E33117341B7B948400C3C721 /* Project object */;
			proxyType = 1;
			remoteGlobalIDString = E331173B1B7B948400C3C721;
			remoteInfo = CustomXib;
		};
/* End PBXContainerItemProxy section */

/* Begin PBXFileReference section */
		E331173C1B7B948400C3C721 /* CustomXib.app */ = {isa = PBXFileReference; explicitFileType = wrapper.application; includeInIndex = 0; path = CustomXib.app; sourceTree = BUILT_PRODUCTS_DIR; };
		E33117401B7B948400C3C721 /* Info.plist */ = {isa = PBXFileReference; lastKnownFileType = text.plist.xml; path = Info.plist; sourceTree = "<group>"; };
		E33117411B7B948400C3C721 /* main.m */ = {isa = PBXFileReference; lastKnownFileType = sourcecode.c.objc; path = main.m; sourceTree = "<group>"; };
		E33117431B7B948400C3C721 /* AppDelegate.h */ = {isa = PBXFileReference; lastKnownFileType = sourcecode.c.h; path = AppDelegate.h; sourceTree = "<group>"; };
		E33117441B7B948400C3C721 /* AppDelegate.m */ = {isa = PBXFileReference; lastKnownFileType = sourcecode.c.objc; path = AppDelegate.m; sourceTree = "<group>"; };
		E33117461B7B948400C3C721 /* ViewController.h */ = {isa = PBXFileReference; lastKnownFileType = sourcecode.c.h; path = ViewController.h; sourceTree = "<group>"; };
		E33117471B7B948400C3C721 /* ViewController.m */ = {isa = PBXFileReference; lastKnownFileType = sourcecode.c.objc; path = ViewController.m; sourceTree = "<group>"; };
		E331174A1B7B948400C3C721 /* Base */ = {isa = PBXFileReference; lastKnownFileType = file.storyboard; name = Base; path = Base.lproj/Main.storyboard; sourceTree = "<group>"; };
		E331174C1B7B948400C3C721 /* Images.xcassets */ = {isa = PBXFileReference; lastKnownFileType = folder.assetcatalog; path = Images.xcassets; sourceTree = "<group>"; };
		E331174F1B7B948400C3C721 /* Base */ = {isa = PBXFileReference; lastKnownFileType = file.xib; name = Base; path = Base.lproj/LaunchScreen.xib; sourceTree = "<group>"; };
		E33117551B7B948400C3C721 /* CustomXibTests.xctest */ = {isa = PBXFileReference; explicitFileType = wrapper.cfbundle; includeInIndex = 0; path = CustomXibTests.xctest; sourceTree = BUILT_PRODUCTS_DIR; };
		E331175A1B7B948400C3C721 /* Info.plist */ = {isa = PBXFileReference; lastKnownFileType = text.plist.xml; path = Info.plist; sourceTree = "<group>"; };
		E331175B1B7B948400C3C721 /* CustomXibTests.m */ = {isa = PBXFileReference; lastKnownFileType = sourcecode.c.objc; path = CustomXibTests.m; sourceTree = "<group>"; };
/* End PBXFileReference section */

/* Begin PBXFrameworksBuildPhase section */
		E33117391B7B948400C3C721 /* Frameworks */ = {
			isa = PBXFrameworksBuildPhase;
			buildActionMask = 2147483647;
			files = (
			);
			runOnlyForDeploymentPostprocessing = 0;
		};
		E33117521B7B948400C3C721 /* Frameworks */ = {
			isa = PBXFrameworksBuildPhase;
			buildActionMask = 2147483647;
			files = (
			);
			runOnlyForDeploymentPostprocessing = 0;
		};
/* End PBXFrameworksBuildPhase section */

/* Begin PBXGroup section */
		E33117331B7B948400C3C721 = {
			isa = PBXGroup;
			children = (
				E331173E1B7B948400C3C721 /* CustomXib */,
				E33117581B7B948400C3C721 /* CustomXibTests */,
				E331173D1B7B948400C3C721 /* Products */,
			);
			sourceTree = "<group>";
		};
		E331173D1B7B948400C3C721 /* Products */ = {
			isa = PBXGroup;
			children = (
				E331173C1B7B948400C3C721 /* CustomXib.app */,
				E33117551B7B948400C3C721 /* CustomXibTests.xctest */,
			);
			name = Products;
			sourceTree = "<group>";
		};
		E331173E1B7B948400C3C721 /* CustomXib */ = {
			isa = PBXGroup;
			children = (
				E33117431B7B948400C3C721 /* AppDelegate.h */,
				E33117441B7B948400C3C721 /* AppDelegate.m */,
				E33117461B7B948400C3C721 /* ViewController.h */,
				E33117471B7B948400C3C721 /* ViewController.m */,
				E33117491B7B948400C3C721 /* Main.storyboard */,
				E331174C1B7B948400C3C721 /* Images.xcassets */,
				E331174E1B7B948400C3C721 /* LaunchScreen.xib */,
				E331173F1B7B948400C3C721 /* Supporting Files */,
			);
			path = CustomXib;
			sourceTree = "<group>";
		};
		E331173F1B7B948400C3C721 /* Supporting Files */ = {
			isa = PBXGroup;
			children = (
				E33117401B7B948400C3C721 /* Info.plist */,
				E33117411B7B948400C3C721 /* main.m */,
			);
			name = "Supporting Files";
			sourceTree = "<group>";
		};
		E33117581B7B948400C3C721 /* CustomXibTests */ = {
			isa = PBXGroup;
			children = (
				E331175B1B7B948400C3C721 /* CustomXibTests.m */,
				E33117591B7B948400C3C721 /* Supporting Files */,
			);
			path = CustomXibTests;
			sourceTree = "<group>";
		};
		E33117591B7B948400C3C721 /* Supporting Files */ = {
			isa = PBXGroup;
			children = (
				E331175A1B7B948400C3C721 /* Info.plist */,
			);
			name = "Supporting Files";
			sourceTree = "<group>";
		};
/* End PBXGroup section */

/* Begin PBXNativeTarget section */
		E331173B1B7B948400C3C721 /* CustomXib */ = {
			isa = PBXNativeTarget;
			buildConfigurationList = E331175F1B7B948400C3C721 /* Build configuration list for PBXNativeTarget "CustomXib" */;
			buildPhases = (
				E33117381B7B948400C3C721 /* Sources */,
				E33117391B7B948400C3C721 /* Frameworks */,
				E331173A1B7B948400C3C721 /* Resources */,
			);
			buildRules = (
			);
			dependencies = (
			);
			name = CustomXib;
			productName = CustomXib;
			productReference = E331173C1B7B948400C3C721 /* CustomXib.app */;
			productType = "com.apple.product-type.application";
		};
		E33117541B7B948400C3C721 /* CustomXibTests */ = {
			isa = PBXNativeTarget;
			buildConfigurationList = E33117621B7B948400C3C721 /* Build configuration list for PBXNativeTarget "CustomXibTests" */;
			buildPhases = (
				E33117511B7B948400C3C721 /* Sources */,
				E33117521B7B948400C3C721 /* Frameworks */,
				E33117531B7B948400C3C721 /* Resources */,
			);
			buildRules = (
			);
			dependencies = (
				E33117571B7B948400C3C721 /* PBXTargetDependency */,
			);
			name = CustomXibTests;
			productName = CustomXibTests;
			productReference = E33117551B7B948400C3C721 /* CustomXibTests.xctest */;
			productType = "com.apple.product-type.bundle.unit-test";
		};
/* End PBXNativeTarget section */

/* Begin PBXProject section */
		E33117341B7B948400C3C721 /* Project object */ = {
			isa = PBXProject;
			attributes = {
				LastUpgradeCheck = 0640;
				ORGANIZATIONNAME = "Wane Wang";
				TargetAttributes = {
					E331173B1B7B948400C3C721 = {
						CreatedOnToolsVersion = 6.4;
					};
					E33117541B7B948400C3C721 = {
						CreatedOnToolsVersion = 6.4;
						TestTargetID = E331173B1B7B948400C3C721;
					};
				};
			};
			buildConfigurationList = E33117371B7B948400C3C721 /* Build configuration list for PBXProject "CustomXib" */;
			compatibilityVersion = "Xcode 3.2";
			developmentRegion = English;
			hasScannedForEncodings = 0;
			knownRegions = (
				en,
				Base,
			);
			mainGroup = E33117331B7B948400C3C721;
			productRefGroup = E331173D1B7B948400C3C721 /* Products */;
			projectDirPath = "";
			projectRoot = "";
			targets = (
				E331173B1B7B948400C3C721 /* CustomXib */,
				E33117541B7B948400C3C721 /* CustomXibTests */,
			);
		};
/* End PBXProject section */

/* Begin PBXResourcesBuildPhase section */
		E331173A1B7B948400C3C721 /* Resources */ = {
			isa = PBXResourcesBuildPhase;
			buildActionMask = 2147483647;
			files = (
				E331174B1B7B948400C3C721 /* Main.storyboard in Resources */,
				E33117501B7B948400C3C721 /* LaunchScreen.xib in Resources */,
				E331174D1B7B948400C3C721 /* Images.xcassets in Resources */,
			);
			runOnlyForDeploymentPostprocessing = 0;
		};
		E33117531B7B948400C3C721 /* Resources */ = {
			isa = PBXResourcesBuildPhase;
			buildActionMask = 2147483647;
			files = (
			);
			runOnlyForDeploymentPostprocessing = 0;
		};
/* End PBXResourcesBuildPhase section */

/* Begin PBXSourcesBuildPhase section */
		E33117381B7B948400C3C721 /* Sources */ = {
			isa = PBXSourcesBuildPhase;
			buildActionMask = 2147483647;
			files = (
				E33117481B7B948400C3C721 /* ViewController.m in Sources */,
				E33117451B7B948400C3C721 /* AppDelegate.m in Sources */,
				E33117421B7B948400C3C721 /* main.m in Sources */,
			);
			runOnlyForDeploymentPostprocessing = 0;
		};
		E33117511B7B948400C3C721 /* Sources */ = {
			isa = PBXSourcesBuildPhase;
			buildActionMask = 2147483647;
			files = (
				E331175C1B7B948400C3C721 /* CustomXibTests.m in Sources */,
			);
			runOnlyForDeploymentPostprocessing = 0;
		};
/* End PBXSourcesBuildPhase section */

/* Begin PBXTargetDependency section */
		E33117571B7B948400C3C721 /* PBXTargetDependency */ = {
			isa = PBXTargetDependency;
			target = E331173B1B7B948400C3C721 /* CustomXib */;
			targetProxy = E33117561B7B948400C3C721 /* PBXContainerItemProxy */;
		};
/* End PBXTargetDependency section */

/* Begin PBXVariantGroup section */
		E33117491B7B948400C3C721 /* Main.storyboard */ = {
			isa = PBXVariantGroup;
			children = (
				E331174A1B7B948400C3C721 /* Base */,
			);
			name = Main.storyboard;
			sourceTree = "<group>";
		};
		E331174E1B7B948400C3C721 /* LaunchScreen.xib */ = {
			isa = PBXVariantGroup;
			children = (
				E331174F1B7B948400C3C721 /* Base */,
			);
			name = LaunchScreen.xib;
			sourceTree = "<group>";
		};
/* End PBXVariantGroup section */

/* Begin XCBuildConfiguration section */
		E331175D1B7B948400C3C721 /* Debug */ = {
			isa = XCBuildConfiguration;
			buildSettings = {
				ALWAYS_SEARCH_USER_PATHS = NO;
				CLANG_CXX_LANGUAGE_STANDARD = "gnu++0x";
				CLANG_CXX_LIBRARY = "libc++";
				CLANG_ENABLE_MODULES = YES;
				CLANG_ENABLE_OBJC_ARC = YES;
				CLANG_WARN_BOOL_CONVERSION = YES;
				CLANG_WARN_CONSTANT_CONVERSION = YES;
				CLANG_WARN_DIRECT_OBJC_ISA_USAGE = YES_ERROR;
				CLANG_WARN_EMPTY_BODY = YES;
				CLANG_WARN_ENUM_CONVERSION = YES;
				CLANG_WARN_INT_CONVERSION = YES;
				CLANG_WARN_OBJC_ROOT_CLASS = YES_ERROR;
				CLANG_WARN_UNREACHABLE_CODE = YES;
				CLANG_WARN__DUPLICATE_METHOD_MATCH = YES;
				"CODE_SIGN_IDENTITY[sdk=iphoneos*]" = "iPhone Developer";
				COPY_PHASE_STRIP = NO;
				DEBUG_INFORMATION_FORMAT = "dwarf-with-dsym";
				ENABLE_STRICT_OBJC_MSGSEND = YES;
				GCC_C_LANGUAGE_STANDARD = gnu99;
				GCC_DYNAMIC_NO_PIC = NO;
				GCC_NO_COMMON_BLOCKS = YES;
				GCC_OPTIMIZATION_LEVEL = 0;
				GCC_PREPROCESSOR_DEFINITIONS = (
					"DEBUG=1",
					"$(inherited)",
				);
				GCC_SYMBOLS_PRIVATE_EXTERN = NO;
				GCC_WARN_64_TO_32_BIT_CONVERSION = YES;
				GCC_WARN_ABOUT_RETURN_TYPE = YES_ERROR;
				GCC_WARN_UNDECLARED_SELECTOR = YES;
				GCC_WARN_UNINITIALIZED_AUTOS = YES_AGGRESSIVE;
				GCC_WARN_UNUSED_FUNCTION = YES;
				GCC_WARN_UNUSED_VARIABLE = YES;
				IPHONEOS_DEPLOYMENT_TARGET = 8.4;
				MTL_ENABLE_DEBUG_INFO = YES;
				ONLY_ACTIVE_ARCH = YES;
				SDKROOT = iphoneos;
				TARGETED_DEVICE_FAMILY = "1,2";
			};
			name = Debug;
		};
		E331175E1B7B948400C3C721 /* Release */ = {
			isa = XCBuildConfiguration;
			buildSettings = {
				ALWAYS_SEARCH_USER_PATHS = NO;
				CLANG_CXX_LANGUAGE_STANDARD = "gnu++0x";
				CLANG_CXX_LIBRARY = "libc++";
				CLANG_ENABLE_MODULES = YES;
				CLANG_ENABLE_OBJC_ARC = YES;
				CLANG_WARN_BOOL_CONVERSION = YES;
				CLANG_WARN_CONSTANT_CONVERSION = YES;
				CLANG_WARN_DIRECT_OBJC_ISA_USAGE = YES_ERROR;
				CLANG_WARN_EMPTY_BODY = YES;
				CLANG_WARN_ENUM_CONVERSION = YES;
				CLANG_WARN_INT_CONVERSION = YES;
				CLANG_WARN_OBJC_ROOT_CLASS = YES_ERROR;
				CLANG_WARN_UNREACHABLE_CODE = YES;
				CLANG_WARN__DUPLICATE_METHOD_MATCH = YES;
				"CODE_SIGN_IDENTITY[sdk=iphoneos*]" = "iPhone Developer";
				COPY_PHASE_STRIP = NO;
				DEBUG_INFORMATION_FORMAT = "dwarf-with-dsym";
				ENABLE_NS_ASSERTIONS = NO;
				ENABLE_STRICT_OBJC_MSGSEND = YES;
				GCC_C_LANGUAGE_STANDARD = gnu99;
				GCC_NO_COMMON_BLOCKS = YES;
				GCC_WARN_64_TO_32_BIT_CONVERSION = YES;
				GCC_WARN_ABOUT_RETURN_TYPE = YES_ERROR;
				GCC_WARN_UNDECLARED_SELECTOR = YES;
				GCC_WARN_UNINITIALIZED_AUTOS = YES_AGGRESSIVE;
				GCC_WARN_UNUSED_FUNCTION = YES;
				GCC_WARN_UNUSED_VARIABLE = YES;
				IPHONEOS_DEPLOYMENT_TARGET = 8.4;
				MTL_ENABLE_DEBUG_INFO = NO;
				SDKROOT = iphoneos;
				TARGETED_DEVICE_FAMILY = "1,2";
				VALIDATE_PRODUCT = YES;
			};
			name = Release;
		};
		E33117601B7B948400C3C721 /* Debug */ = {
			isa = XCBuildConfiguration;
			buildSettings = {
				ASSETCATALOG_COMPILER_APPICON_NAME = AppIcon;
				INFOPLIST_FILE = CustomXib/Info.plist;
				LD_RUNPATH_SEARCH_PATHS = "$(inherited) @executable_path/Frameworks";
				PRODUCT_NAME = "$(TARGET_NAME)";
			};
			name = Debug;
		};
		E33117611B7B948400C3C721 /* Release */ = {
			isa = XCBuildConfiguration;
			buildSettings = {
				ASSETCATALOG_COMPILER_APPICON_NAME = AppIcon;
				INFOPLIST_FILE = CustomXib/Info.plist;
				LD_RUNPATH_SEARCH_PATHS = "$(inherited) @executable_path/Frameworks";
				PRODUCT_NAME = "$(TARGET_NAME)";
			};
			name = Release;
		};
		E33117631B7B948400C3C721 /* Debug */ = {
			isa = XCBuildConfiguration;
			buildSettings = {
				BUNDLE_LOADER = "$(TEST_HOST)";
				FRAMEWORK_SEARCH_PATHS = (
					"$(SDKROOT)/Developer/Library/Frameworks",
					"$(inherited)",
				);
				GCC_PREPROCESSOR_DEFINITIONS = (
					"DEBUG=1",
					"$(inherited)",
				);
				INFOPLIST_FILE = CustomXibTests/Info.plist;
				LD_RUNPATH_SEARCH_PATHS = "$(inherited) @executable_path/Frameworks @loader_path/Frameworks";
				PRODUCT_NAME = "$(TARGET_NAME)";
				TEST_HOST = "$(BUILT_PRODUCTS_DIR)/CustomXib.app/CustomXib";
			};
			name = Debug;
		};
		E33117641B7B948400C3C721 /* Release */ = {
			isa = XCBuildConfiguration;
			buildSettings = {
				BUNDLE_LOADER = "$(TEST_HOST)";
				FRAMEWORK_SEARCH_PATHS = (
					"$(SDKROOT)/Developer/Library/Frameworks",
					"$(inherited)",
				);
				INFOPLIST_FILE = CustomXibTests/Info.plist;
				LD_RUNPATH_SEARCH_PATHS = "$(inherited) @executable_path/Frameworks @loader_path/Frameworks";
				PRODUCT_NAME = "$(TARGET_NAME)";
				TEST_HOST = "$(BUILT_PRODUCTS_DIR)/CustomXib.app/CustomXib";
			};
			name = Release;
		};
/* End XCBuildConfiguration section */

/* Begin XCConfigurationList section */
		E33117371B7B948400C3C721 /* Build configuration list for PBXProject "CustomXib" */ = {
			isa = XCConfigurationList;
			buildConfigurations = (
				E331175D1B7B948400C3C721 /* Debug */,
				E331175E1B7B948400C3C721 /* Release */,
			);
			defaultConfigurationIsVisible = 0;
			defaultConfigurationName = Release;
		};
		E331175F1B7B948400C3C721 /* Build configuration list for PBXNativeTarget "CustomXib" */ = {
			isa = XCConfigurationList;
			buildConfigurations = (
				E33117601B7B948400C3C721 /* Debug */,
				E33117611B7B948400C3C721 /* Release */,
			);
			defaultConfigurationIsVisible = 0;
		};
		E33117621B7B948400C3C721 /* Build configuration list for PBXNativeTarget "CustomXibTests" */ = {
			isa = XCConfigurationList;
			buildConfigurations = (
				E33117631B7B948400C3C721 /* Debug */,
				E33117641B7B948400C3C721 /* Release */,
			);
			defaultConfigurationIsVisible = 0;
		};
/* End XCConfigurationList section */
	};
	rootObject = E33117341B7B948400C3C721 /* Project object */;
}
